// !$*UTF8*$!
{
	archiveVersion = 1;
	classes = {
	};
	objectVersion = 77;
	objects = {

/* Begin PBXCopyFilesBuildPhase section */
		D31B13842CA6E28A007C5EB2 /* CopyFiles */ = {
			isa = PBXCopyFilesBuildPhase;
			buildActionMask = 2147483647;
			dstPath = /usr/share/man/man1/;
			dstSubfolderSpec = 0;
			files = (
			);
			runOnlyForDeploymentPostprocessing = 1;
		};
		D31B13A42CA6EBFD007C5EB2 /* CopyFiles */ = {
			isa = PBXCopyFilesBuildPhase;
			buildActionMask = 2147483647;
			dstPath = /usr/share/man/man1/;
			dstSubfolderSpec = 0;
			files = (
			);
			runOnlyForDeploymentPostprocessing = 1;
		};
/* End PBXCopyFilesBuildPhase section */

/* Begin PBXFileReference section */
		D31B13862CA6E28A007C5EB2 /* ISBN */ = {isa = PBXFileReference; explicitFileType = "compiled.mach-o.executable"; includeInIndex = 0; path = ISBN; sourceTree = BUILT_PRODUCTS_DIR; };
		D31B13992CA6E8C3007C5EB2 /* ISBNTests.xctest */ = {isa = PBXFileReference; explicitFileType = wrapper.cfbundle; includeInIndex = 0; path = ISBNTests.xctest; sourceTree = BUILT_PRODUCTS_DIR; };
		D31B13A62CA6EBFD007C5EB2 /* WinningScore */ = {isa = PBXFileReference; explicitFileType = "compiled.mach-o.executable"; includeInIndex = 0; path = WinningScore; sourceTree = BUILT_PRODUCTS_DIR; };
		D31B13B42CA6EF5D007C5EB2 /* WinningScoreTests.xctest */ = {isa = PBXFileReference; explicitFileType = wrapper.cfbundle; includeInIndex = 0; path = WinningScoreTests.xctest; sourceTree = BUILT_PRODUCTS_DIR; };
/* End PBXFileReference section */

/* Begin PBXFileSystemSynchronizedBuildFileExceptionSet section */
		D31B13A12CA6E99C007C5EB2 /* Exceptions for "ISBN" folder in "ISBNTests" target */ = {
			isa = PBXFileSystemSynchronizedBuildFileExceptionSet;
			membershipExceptions = (
				Functions/calculateISBNSum.swift,
			);
			target = D31B13982CA6E8C3007C5EB2 /* ISBNTests */;
		};
		D31B13AF2CA6EC1E007C5EB2 /* Exceptions for "ISBN" folder in "WinningScore" target */ = {
			isa = PBXFileSystemSynchronizedBuildFileExceptionSet;
			membershipExceptions = (
				Functions/getInput.swift,
			);
			target = D31B13A52CA6EBFD007C5EB2 /* WinningScore */;
		};
		D31B13BE2CA6EF97007C5EB2 /* Exceptions for "WinningScore" folder in "WinningScoreTests" target */ = {
			isa = PBXFileSystemSynchronizedBuildFileExceptionSet;
			membershipExceptions = (
				Functions/getWinner.swift,
			);
			target = D31B13B32CA6EF5D007C5EB2 /* WinningScoreTests */;
		};
/* End PBXFileSystemSynchronizedBuildFileExceptionSet section */

/* Begin PBXFileSystemSynchronizedRootGroup section */
		D31B13882CA6E28A007C5EB2 /* ISBN */ = {
			isa = PBXFileSystemSynchronizedRootGroup;
			exceptions = (
				D31B13A12CA6E99C007C5EB2 /* Exceptions for "ISBN" folder in "ISBNTests" target */,
				D31B13AF2CA6EC1E007C5EB2 /* Exceptions for "ISBN" folder in "WinningScore" target */,
			);
			path = ISBN;
			sourceTree = "<group>";
		};
		D31B139A2CA6E8C3007C5EB2 /* ISBNTests */ = {
			isa = PBXFileSystemSynchronizedRootGroup;
			path = ISBNTests;
			sourceTree = "<group>";
		};
		D31B13A72CA6EBFD007C5EB2 /* WinningScore */ = {
			isa = PBXFileSystemSynchronizedRootGroup;
			exceptions = (
				D31B13BE2CA6EF97007C5EB2 /* Exceptions for "WinningScore" folder in "WinningScoreTests" target */,
			);
			path = WinningScore;
			sourceTree = "<group>";
		};
		D31B13B52CA6EF5D007C5EB2 /* WinningScoreTests */ = {
			isa = PBXFileSystemSynchronizedRootGroup;
			path = WinningScoreTests;
			sourceTree = "<group>";
		};
/* End PBXFileSystemSynchronizedRootGroup section */

/* Begin PBXFrameworksBuildPhase section */
		D31B13832CA6E28A007C5EB2 /* Frameworks */ = {
			isa = PBXFrameworksBuildPhase;
			buildActionMask = 2147483647;
			files = (
			);
			runOnlyForDeploymentPostprocessing = 0;
		};
		D31B13962CA6E8C3007C5EB2 /* Frameworks */ = {
			isa = PBXFrameworksBuildPhase;
			buildActionMask = 2147483647;
			files = (
			);
			runOnlyForDeploymentPostprocessing = 0;
		};
		D31B13A32CA6EBFD007C5EB2 /* Frameworks */ = {
			isa = PBXFrameworksBuildPhase;
			buildActionMask = 2147483647;
			files = (
			);
			runOnlyForDeploymentPostprocessing = 0;
		};
		D31B13B12CA6EF5D007C5EB2 /* Frameworks */ = {
			isa = PBXFrameworksBuildPhase;
			buildActionMask = 2147483647;
			files = (
			);
			runOnlyForDeploymentPostprocessing = 0;
		};
/* End PBXFrameworksBuildPhase section */

/* Begin PBXGroup section */
		D31B137D2CA6E289007C5EB2 = {
			isa = PBXGroup;
			children = (
				D31B13882CA6E28A007C5EB2 /* ISBN */,
				D31B139A2CA6E8C3007C5EB2 /* ISBNTests */,
				D31B13A72CA6EBFD007C5EB2 /* WinningScore */,
				D31B13B52CA6EF5D007C5EB2 /* WinningScoreTests */,
				D31B13872CA6E28A007C5EB2 /* Products */,
			);
			sourceTree = "<group>";
		};
		D31B13872CA6E28A007C5EB2 /* Products */ = {
			isa = PBXGroup;
			children = (
				D31B13862CA6E28A007C5EB2 /* ISBN */,
				D31B13992CA6E8C3007C5EB2 /* ISBNTests.xctest */,
				D31B13A62CA6EBFD007C5EB2 /* WinningScore */,
				D31B13B42CA6EF5D007C5EB2 /* WinningScoreTests.xctest */,
			);
			name = Products;
			sourceTree = "<group>";
		};
/* End PBXGroup section */

/* Begin PBXNativeTarget section */
		D31B13852CA6E28A007C5EB2 /* ISBN */ = {
			isa = PBXNativeTarget;
			buildConfigurationList = D31B138D2CA6E28A007C5EB2 /* Build configuration list for PBXNativeTarget "ISBN" */;
			buildPhases = (
				D31B13822CA6E28A007C5EB2 /* Sources */,
				D31B13832CA6E28A007C5EB2 /* Frameworks */,
				D31B13842CA6E28A007C5EB2 /* CopyFiles */,
			);
			buildRules = (
			);
			dependencies = (
			);
			fileSystemSynchronizedGroups = (
				D31B13882CA6E28A007C5EB2 /* ISBN */,
			);
			name = ISBN;
			packageProductDependencies = (
			);
			productName = ISBN;
			productReference = D31B13862CA6E28A007C5EB2 /* ISBN */;
			productType = "com.apple.product-type.tool";
		};
		D31B13982CA6E8C3007C5EB2 /* ISBNTests */ = {
			isa = PBXNativeTarget;
			buildConfigurationList = D31B139D2CA6E8C3007C5EB2 /* Build configuration list for PBXNativeTarget "ISBNTests" */;
			buildPhases = (
				D31B13952CA6E8C3007C5EB2 /* Sources */,
				D31B13962CA6E8C3007C5EB2 /* Frameworks */,
				D31B13972CA6E8C3007C5EB2 /* Resources */,
			);
			buildRules = (
			);
			dependencies = (
			);
			fileSystemSynchronizedGroups = (
				D31B139A2CA6E8C3007C5EB2 /* ISBNTests */,
			);
			name = ISBNTests;
			packageProductDependencies = (
			);
			productName = ISBNTests;
			productReference = D31B13992CA6E8C3007C5EB2 /* ISBNTests.xctest */;
			productType = "com.apple.product-type.bundle.unit-test";
		};
		D31B13A52CA6EBFD007C5EB2 /* WinningScore */ = {
			isa = PBXNativeTarget;
			buildConfigurationList = D31B13AA2CA6EBFD007C5EB2 /* Build configuration list for PBXNativeTarget "WinningScore" */;
			buildPhases = (
				D31B13A22CA6EBFD007C5EB2 /* Sources */,
				D31B13A32CA6EBFD007C5EB2 /* Frameworks */,
				D31B13A42CA6EBFD007C5EB2 /* CopyFiles */,
			);
			buildRules = (
			);
			dependencies = (
			);
			fileSystemSynchronizedGroups = (
				D31B13A72CA6EBFD007C5EB2 /* WinningScore */,
			);
			name = WinningScore;
			packageProductDependencies = (
			);
			productName = WinningScore;
			productReference = D31B13A62CA6EBFD007C5EB2 /* WinningScore */;
			productType = "com.apple.product-type.tool";
		};
		D31B13B32CA6EF5D007C5EB2 /* WinningScoreTests */ = {
			isa = PBXNativeTarget;
			buildConfigurationList = D31B13B82CA6EF5D007C5EB2 /* Build configuration list for PBXNativeTarget "WinningScoreTests" */;
			buildPhases = (
				D31B13B02CA6EF5D007C5EB2 /* Sources */,
				D31B13B12CA6EF5D007C5EB2 /* Frameworks */,
				D31B13B22CA6EF5D007C5EB2 /* Resources */,
			);
			buildRules = (
			);
			dependencies = (
			);
			fileSystemSynchronizedGroups = (
				D31B13B52CA6EF5D007C5EB2 /* WinningScoreTests */,
			);
			name = WinningScoreTests;
			packageProductDependencies = (
			);
			productName = WinningScoreTests;
			productReference = D31B13B42CA6EF5D007C5EB2 /* WinningScoreTests.xctest */;
			productType = "com.apple.product-type.bundle.unit-test";
		};
/* End PBXNativeTarget section */

/* Begin PBXProject section */
		D31B137E2CA6E289007C5EB2 /* Project object */ = {
			isa = PBXProject;
			attributes = {
				BuildIndependentTargetsInParallel = 1;
				LastSwiftUpdateCheck = 1600;
				LastUpgradeCheck = 1600;
				TargetAttributes = {
					D31B13852CA6E28A007C5EB2 = {
						CreatedOnToolsVersion = 16.0;
					};
					D31B13982CA6E8C3007C5EB2 = {
						CreatedOnToolsVersion = 16.0;
					};
					D31B13A52CA6EBFD007C5EB2 = {
						CreatedOnToolsVersion = 16.0;
					};
					D31B13B32CA6EF5D007C5EB2 = {
						CreatedOnToolsVersion = 16.0;
					};
				};
			};
			buildConfigurationList = D31B13812CA6E28A007C5EB2 /* Build configuration list for PBXProject "ISBN" */;
			developmentRegion = en;
			hasScannedForEncodings = 0;
			knownRegions = (
				en,
				Base,
			);
			mainGroup = D31B137D2CA6E289007C5EB2;
			minimizedProjectReferenceProxies = 1;
			preferredProjectObjectVersion = 77;
			productRefGroup = D31B13872CA6E28A007C5EB2 /* Products */;
			projectDirPath = "";
			projectRoot = "";
			targets = (
				D31B13852CA6E28A007C5EB2 /* ISBN */,
				D31B13982CA6E8C3007C5EB2 /* ISBNTests */,
				D31B13A52CA6EBFD007C5EB2 /* WinningScore */,
				D31B13B32CA6EF5D007C5EB2 /* WinningScoreTests */,
			);
		};
/* End PBXProject section */

/* Begin PBXResourcesBuildPhase section */
		D31B13972CA6E8C3007C5EB2 /* Resources */ = {
			isa = PBXResourcesBuildPhase;
			buildActionMask = 2147483647;
			files = (
			);
			runOnlyForDeploymentPostprocessing = 0;
		};
		D31B13B22CA6EF5D007C5EB2 /* Resources */ = {
			isa = PBXResourcesBuildPhase;
			buildActionMask = 2147483647;
			files = (
			);
			runOnlyForDeploymentPostprocessing = 0;
		};
/* End PBXResourcesBuildPhase section */

/* Begin PBXSourcesBuildPhase section */
		D31B13822CA6E28A007C5EB2 /* Sources */ = {
			isa = PBXSourcesBuildPhase;
			buildActionMask = 2147483647;
			files = (
			);
			runOnlyForDeploymentPostprocessing = 0;
		};
		D31B13952CA6E8C3007C5EB2 /* Sources */ = {
			isa = PBXSourcesBuildPhase;
			buildActionMask = 2147483647;
			files = (
			);
			runOnlyForDeploymentPostprocessing = 0;
		};
		D31B13A22CA6EBFD007C5EB2 /* Sources */ = {
			isa = PBXSourcesBuildPhase;
			buildActionMask = 2147483647;
			files = (
			);
			runOnlyForDeploymentPostprocessing = 0;
		};
		D31B13B02CA6EF5D007C5EB2 /* Sources */ = {
			isa = PBXSourcesBuildPhase;
			buildActionMask = 2147483647;
			files = (
			);
			runOnlyForDeploymentPostprocessing = 0;
		};
/* End PBXSourcesBuildPhase section */

/* Begin XCBuildConfiguration section */
		D31B138B2CA6E28A007C5EB2 /* Debug */ = {
			isa = XCBuildConfiguration;
			buildSettings = {
				ALWAYS_SEARCH_USER_PATHS = NO;
				ASSETCATALOG_COMPILER_GENERATE_SWIFT_ASSET_SYMBOL_EXTENSIONS = YES;
				CLANG_ANALYZER_NONNULL = YES;
				CLANG_ANALYZER_NUMBER_OBJECT_CONVERSION = YES_AGGRESSIVE;
				CLANG_CXX_LANGUAGE_STANDARD = "gnu++20";
				CLANG_ENABLE_MODULES = YES;
				CLANG_ENABLE_OBJC_ARC = YES;
				CLANG_ENABLE_OBJC_WEAK = YES;
				CLANG_WARN_BLOCK_CAPTURE_AUTORELEASING = YES;
				CLANG_WARN_BOOL_CONVERSION = YES;
				CLANG_WARN_COMMA = YES;
				CLANG_WARN_CONSTANT_CONVERSION = YES;
				CLANG_WARN_DEPRECATED_OBJC_IMPLEMENTATIONS = YES;
				CLANG_WARN_DIRECT_OBJC_ISA_USAGE = YES_ERROR;
				CLANG_WARN_DOCUMENTATION_COMMENTS = YES;
				CLANG_WARN_EMPTY_BODY = YES;
				CLANG_WARN_ENUM_CONVERSION = YES;
				CLANG_WARN_INFINITE_RECURSION = YES;
				CLANG_WARN_INT_CONVERSION = YES;
				CLANG_WARN_NON_LITERAL_NULL_CONVERSION = YES;
				CLANG_WARN_OBJC_IMPLICIT_RETAIN_SELF = YES;
				CLANG_WARN_OBJC_LITERAL_CONVERSION = YES;
				CLANG_WARN_OBJC_ROOT_CLASS = YES_ERROR;
				CLANG_WARN_QUOTED_INCLUDE_IN_FRAMEWORK_HEADER = YES;
				CLANG_WARN_RANGE_LOOP_ANALYSIS = YES;
				CLANG_WARN_STRICT_PROTOTYPES = YES;
				CLANG_WARN_SUSPICIOUS_MOVE = YES;
				CLANG_WARN_UNGUARDED_AVAILABILITY = YES_AGGRESSIVE;
				CLANG_WARN_UNREACHABLE_CODE = YES;
				CLANG_WARN__DUPLICATE_METHOD_MATCH = YES;
				COPY_PHASE_STRIP = NO;
				DEBUG_INFORMATION_FORMAT = dwarf;
				ENABLE_STRICT_OBJC_MSGSEND = YES;
				ENABLE_TESTABILITY = YES;
				ENABLE_USER_SCRIPT_SANDBOXING = YES;
				GCC_C_LANGUAGE_STANDARD = gnu17;
				GCC_DYNAMIC_NO_PIC = NO;
				GCC_NO_COMMON_BLOCKS = YES;
				GCC_OPTIMIZATION_LEVEL = 0;
				GCC_PREPROCESSOR_DEFINITIONS = (
					"DEBUG=1",
					"$(inherited)",
				);
				GCC_WARN_64_TO_32_BIT_CONVERSION = YES;
				GCC_WARN_ABOUT_RETURN_TYPE = YES_ERROR;
				GCC_WARN_UNDECLARED_SELECTOR = YES;
				GCC_WARN_UNINITIALIZED_AUTOS = YES_AGGRESSIVE;
				GCC_WARN_UNUSED_FUNCTION = YES;
				GCC_WARN_UNUSED_VARIABLE = YES;
				LOCALIZATION_PREFERS_STRING_CATALOGS = YES;
				MACOSX_DEPLOYMENT_TARGET = 14.7;
				MTL_ENABLE_DEBUG_INFO = INCLUDE_SOURCE;
				MTL_FAST_MATH = YES;
				ONLY_ACTIVE_ARCH = YES;
				SDKROOT = macosx;
				SWIFT_ACTIVE_COMPILATION_CONDITIONS = "DEBUG $(inherited)";
				SWIFT_OPTIMIZATION_LEVEL = "-Onone";
			};
			name = Debug;
		};
		D31B138C2CA6E28A007C5EB2 /* Release */ = {
			isa = XCBuildConfiguration;
			buildSettings = {
				ALWAYS_SEARCH_USER_PATHS = NO;
				ASSETCATALOG_COMPILER_GENERATE_SWIFT_ASSET_SYMBOL_EXTENSIONS = YES;
				CLANG_ANALYZER_NONNULL = YES;
				CLANG_ANALYZER_NUMBER_OBJECT_CONVERSION = YES_AGGRESSIVE;
				CLANG_CXX_LANGUAGE_STANDARD = "gnu++20";
				CLANG_ENABLE_MODULES = YES;
				CLANG_ENABLE_OBJC_ARC = YES;
				CLANG_ENABLE_OBJC_WEAK = YES;
				CLANG_WARN_BLOCK_CAPTURE_AUTORELEASING = YES;
				CLANG_WARN_BOOL_CONVERSION = YES;
				CLANG_WARN_COMMA = YES;
				CLANG_WARN_CONSTANT_CONVERSION = YES;
				CLANG_WARN_DEPRECATED_OBJC_IMPLEMENTATIONS = YES;
				CLANG_WARN_DIRECT_OBJC_ISA_USAGE = YES_ERROR;
				CLANG_WARN_DOCUMENTATION_COMMENTS = YES;
				CLANG_WARN_EMPTY_BODY = YES;
				CLANG_WARN_ENUM_CONVERSION = YES;
				CLANG_WARN_INFINITE_RECURSION = YES;
				CLANG_WARN_INT_CONVERSION = YES;
				CLANG_WARN_NON_LITERAL_NULL_CONVERSION = YES;
				CLANG_WARN_OBJC_IMPLICIT_RETAIN_SELF = YES;
				CLANG_WARN_OBJC_LITERAL_CONVERSION = YES;
				CLANG_WARN_OBJC_ROOT_CLASS = YES_ERROR;
				CLANG_WARN_QUOTED_INCLUDE_IN_FRAMEWORK_HEADER = YES;
				CLANG_WARN_RANGE_LOOP_ANALYSIS = YES;
				CLANG_WARN_STRICT_PROTOTYPES = YES;
				CLANG_WARN_SUSPICIOUS_MOVE = YES;
				CLANG_WARN_UNGUARDED_AVAILABILITY = YES_AGGRESSIVE;
				CLANG_WARN_UNREACHABLE_CODE = YES;
				CLANG_WARN__DUPLICATE_METHOD_MATCH = YES;
				COPY_PHASE_STRIP = NO;
				DEBUG_INFORMATION_FORMAT = "dwarf-with-dsym";
				ENABLE_NS_ASSERTIONS = NO;
				ENABLE_STRICT_OBJC_MSGSEND = YES;
				ENABLE_USER_SCRIPT_SANDBOXING = YES;
				GCC_C_LANGUAGE_STANDARD = gnu17;
				GCC_NO_COMMON_BLOCKS = YES;
				GCC_WARN_64_TO_32_BIT_CONVERSION = YES;
				GCC_WARN_ABOUT_RETURN_TYPE = YES_ERROR;
				GCC_WARN_UNDECLARED_SELECTOR = YES;
				GCC_WARN_UNINITIALIZED_AUTOS = YES_AGGRESSIVE;
				GCC_WARN_UNUSED_FUNCTION = YES;
				GCC_WARN_UNUSED_VARIABLE = YES;
				LOCALIZATION_PREFERS_STRING_CATALOGS = YES;
				MACOSX_DEPLOYMENT_TARGET = 14.7;
				MTL_ENABLE_DEBUG_INFO = NO;
				MTL_FAST_MATH = YES;
				SDKROOT = macosx;
				SWIFT_COMPILATION_MODE = wholemodule;
			};
			name = Release;
		};
		D31B138E2CA6E28A007C5EB2 /* Debug */ = {
			isa = XCBuildConfiguration;
			buildSettings = {
				CODE_SIGN_STYLE = Automatic;
				PRODUCT_NAME = "$(TARGET_NAME)";
				SWIFT_VERSION = 5.0;
			};
			name = Debug;
		};
		D31B138F2CA6E28A007C5EB2 /* Release */ = {
			isa = XCBuildConfiguration;
			buildSettings = {
				CODE_SIGN_STYLE = Automatic;
				PRODUCT_NAME = "$(TARGET_NAME)";
				SWIFT_VERSION = 5.0;
			};
			name = Release;
		};
		D31B139E2CA6E8C3007C5EB2 /* Debug */ = {
			isa = XCBuildConfiguration;
			buildSettings = {
				CODE_SIGN_STYLE = Automatic;
				CURRENT_PROJECT_VERSION = 1;
				GENERATE_INFOPLIST_FILE = YES;
				MARKETING_VERSION = 1.0;
				PRODUCT_BUNDLE_IDENTIFIER = com.nuutrai.ISBNTests;
				PRODUCT_NAME = "$(TARGET_NAME)";
				SWIFT_EMIT_LOC_STRINGS = NO;
				SWIFT_VERSION = 5.0;
			};
			name = Debug;
		};
		D31B139F2CA6E8C3007C5EB2 /* Release */ = {
			isa = XCBuildConfiguration;
			buildSettings = {
				CODE_SIGN_STYLE = Automatic;
				CURRENT_PROJECT_VERSION = 1;
				GENERATE_INFOPLIST_FILE = YES;
				MARKETING_VERSION = 1.0;
				PRODUCT_BUNDLE_IDENTIFIER = com.nuutrai.ISBNTests;
				PRODUCT_NAME = "$(TARGET_NAME)";
				SWIFT_EMIT_LOC_STRINGS = NO;
				SWIFT_VERSION = 5.0;
			};
			name = Release;
		};
		D31B13AB2CA6EBFD007C5EB2 /* Debug */ = {
			isa = XCBuildConfiguration;
			buildSettings = {
				CODE_SIGN_STYLE = Automatic;
				PRODUCT_NAME = "$(TARGET_NAME)";
				SWIFT_VERSION = 5.0;
			};
			name = Debug;
		};
		D31B13AC2CA6EBFD007C5EB2 /* Release */ = {
			isa = XCBuildConfiguration;
			buildSettings = {
				CODE_SIGN_STYLE = Automatic;
				PRODUCT_NAME = "$(TARGET_NAME)";
				SWIFT_VERSION = 5.0;
			};
			name = Release;
		};
		D31B13B92CA6EF5D007C5EB2 /* Debug */ = {
			isa = XCBuildConfiguration;
			buildSettings = {
				CODE_SIGN_STYLE = Automatic;
				CURRENT_PROJECT_VERSION = 1;
				GENERATE_INFOPLIST_FILE = YES;
				MARKETING_VERSION = 1.0;
				PRODUCT_BUNDLE_IDENTIFIER = com.nuutrai.WinningScoreTests;
				PRODUCT_NAME = "$(TARGET_NAME)";
				SWIFT_EMIT_LOC_STRINGS = NO;
				SWIFT_VERSION = 5.0;
			};
			name = Debug;
		};
		D31B13BA2CA6EF5D007C5EB2 /* Release */ = {
			isa = XCBuildConfiguration;
			buildSettings = {
				CODE_SIGN_STYLE = Automatic;
				CURRENT_PROJECT_VERSION = 1;
				GENERATE_INFOPLIST_FILE = YES;
				MARKETING_VERSION = 1.0;
				PRODUCT_BUNDLE_IDENTIFIER = com.nuutrai.WinningScoreTests;
				PRODUCT_NAME = "$(TARGET_NAME)";
				SWIFT_EMIT_LOC_STRINGS = NO;
				SWIFT_VERSION = 5.0;
			};
			name = Release;
		};
/* End XCBuildConfiguration section */

/* Begin XCConfigurationList section */
		D31B13812CA6E28A007C5EB2 /* Build configuration list for PBXProject "ISBN" */ = {
			isa = XCConfigurationList;
			buildConfigurations = (
				D31B138B2CA6E28A007C5EB2 /* Debug */,
				D31B138C2CA6E28A007C5EB2 /* Release */,
			);
			defaultConfigurationIsVisible = 0;
			defaultConfigurationName = Release;
		};
		D31B138D2CA6E28A007C5EB2 /* Build configuration list for PBXNativeTarget "ISBN" */ = {
			isa = XCConfigurationList;
			buildConfigurations = (
				D31B138E2CA6E28A007C5EB2 /* Debug */,
				D31B138F2CA6E28A007C5EB2 /* Release */,
			);
			defaultConfigurationIsVisible = 0;
			defaultConfigurationName = Release;
		};
		D31B139D2CA6E8C3007C5EB2 /* Build configuration list for PBXNativeTarget "ISBNTests" */ = {
			isa = XCConfigurationList;
			buildConfigurations = (
				D31B139E2CA6E8C3007C5EB2 /* Debug */,
				D31B139F2CA6E8C3007C5EB2 /* Release */,
			);
			defaultConfigurationIsVisible = 0;
			defaultConfigurationName = Release;
		};
		D31B13AA2CA6EBFD007C5EB2 /* Build configuration list for PBXNativeTarget "WinningScore" */ = {
			isa = XCConfigurationList;
			buildConfigurations = (
				D31B13AB2CA6EBFD007C5EB2 /* Debug */,
				D31B13AC2CA6EBFD007C5EB2 /* Release */,
			);
			defaultConfigurationIsVisible = 0;
			defaultConfigurationName = Release;
		};
		D31B13B82CA6EF5D007C5EB2 /* Build configuration list for PBXNativeTarget "WinningScoreTests" */ = {
			isa = XCConfigurationList;
			buildConfigurations = (
				D31B13B92CA6EF5D007C5EB2 /* Debug */,
				D31B13BA2CA6EF5D007C5EB2 /* Release */,
			);
			defaultConfigurationIsVisible = 0;
			defaultConfigurationName = Release;
		};
/* End XCConfigurationList section */
	};
	rootObject = D31B137E2CA6E289007C5EB2 /* Project object */;
}
